// !$*UTF8*$!
{
	archiveVersion = 1;
	classes = {
	};
	objectVersion = 48;
	objects = {

/* Begin PBXBuildFile section */
		20DE737C1F7AFF6200C78D37 /* AppDelegate.swift in Sources */ = {isa = PBXBuildFile; fileRef = 20DE737B1F7AFF6200C78D37 /* AppDelegate.swift */; };
		20DE737E1F7AFF6200C78D37 /* ViewController.swift in Sources */ = {isa = PBXBuildFile; fileRef = 20DE737D1F7AFF6200C78D37 /* ViewController.swift */; };
		20DE73811F7AFF6200C78D37 /* Main.storyboard in Resources */ = {isa = PBXBuildFile; fileRef = 20DE737F1F7AFF6200C78D37 /* Main.storyboard */; };
		20DE73831F7AFF6200C78D37 /* Assets.xcassets in Resources */ = {isa = PBXBuildFile; fileRef = 20DE73821F7AFF6200C78D37 /* Assets.xcassets */; };
		20DE73861F7AFF6200C78D37 /* LaunchScreen.storyboard in Resources */ = {isa = PBXBuildFile; fileRef = 20DE73841F7AFF6200C78D37 /* LaunchScreen.storyboard */; };
		20DE73911F7AFF6300C78D37 /* iOSMapKitTests.swift in Sources */ = {isa = PBXBuildFile; fileRef = 20DE73901F7AFF6300C78D37 /* iOSMapKitTests.swift */; };
		20DE739C1F7AFF6300C78D37 /* iOSMapKitUITests.swift in Sources */ = {isa = PBXBuildFile; fileRef = 20DE739B1F7AFF6300C78D37 /* iOSMapKitUITests.swift */; };
		20DE73AA1F7B182C00C78D37 /* MapViewController.swift in Sources */ = {isa = PBXBuildFile; fileRef = 20DE73A91F7B182C00C78D37 /* MapViewController.swift */; };
		20DE73AC1F7B5CF300C78D37 /* RouteViewController.swift in Sources */ = {isa = PBXBuildFile; fileRef = 20DE73AB1F7B5CF300C78D37 /* RouteViewController.swift */; };
/* End PBXBuildFile section */

/* Begin PBXContainerItemProxy section */
		20DE738D1F7AFF6300C78D37 /* PBXContainerItemProxy */ = {
			isa = PBXContainerItemProxy;
			containerPortal = 20DE73701F7AFF6200C78D37 /* Project object */;
			proxyType = 1;
			remoteGlobalIDString = 20DE73771F7AFF6200C78D37;
			remoteInfo = iOSMapKit;
		};
		20DE73981F7AFF6300C78D37 /* PBXContainerItemProxy */ = {
			isa = PBXContainerItemProxy;
			containerPortal = 20DE73701F7AFF6200C78D37 /* Project object */;
			proxyType = 1;
			remoteGlobalIDString = 20DE73771F7AFF6200C78D37;
			remoteInfo = iOSMapKit;
		};
/* End PBXContainerItemProxy section */

/* Begin PBXFileReference section */
		20DE73781F7AFF6200C78D37 /* iOSMapKit.app */ = {isa = PBXFileReference; explicitFileType = wrapper.application; includeInIndex = 0; path = iOSMapKit.app; sourceTree = BUILT_PRODUCTS_DIR; };
		20DE737B1F7AFF6200C78D37 /* AppDelegate.swift */ = {isa = PBXFileReference; lastKnownFileType = sourcecode.swift; path = AppDelegate.swift; sourceTree = "<group>"; };
		20DE737D1F7AFF6200C78D37 /* ViewController.swift */ = {isa = PBXFileReference; lastKnownFileType = sourcecode.swift; path = ViewController.swift; sourceTree = "<group>"; };
		20DE73801F7AFF6200C78D37 /* Base */ = {isa = PBXFileReference; lastKnownFileType = file.storyboard; name = Base; path = Base.lproj/Main.storyboard; sourceTree = "<group>"; };
		20DE73821F7AFF6200C78D37 /* Assets.xcassets */ = {isa = PBXFileReference; lastKnownFileType = folder.assetcatalog; path = Assets.xcassets; sourceTree = "<group>"; };
		20DE73851F7AFF6200C78D37 /* Base */ = {isa = PBXFileReference; lastKnownFileType = file.storyboard; name = Base; path = Base.lproj/LaunchScreen.storyboard; sourceTree = "<group>"; };
		20DE73871F7AFF6200C78D37 /* Info.plist */ = {isa = PBXFileReference; lastKnownFileType = text.plist.xml; path = Info.plist; sourceTree = "<group>"; };
		20DE738C1F7AFF6300C78D37 /* iOSMapKitTests.xctest */ = {isa = PBXFileReference; explicitFileType = wrapper.cfbundle; includeInIndex = 0; path = iOSMapKitTests.xctest; sourceTree = BUILT_PRODUCTS_DIR; };
		20DE73901F7AFF6300C78D37 /* iOSMapKitTests.swift */ = {isa = PBXFileReference; lastKnownFileType = sourcecode.swift; path = iOSMapKitTests.swift; sourceTree = "<group>"; };
		20DE73921F7AFF6300C78D37 /* Info.plist */ = {isa = PBXFileReference; lastKnownFileType = text.plist.xml; path = Info.plist; sourceTree = "<group>"; };
		20DE73971F7AFF6300C78D37 /* iOSMapKitUITests.xctest */ = {isa = PBXFileReference; explicitFileType = wrapper.cfbundle; includeInIndex = 0; path = iOSMapKitUITests.xctest; sourceTree = BUILT_PRODUCTS_DIR; };
		20DE739B1F7AFF6300C78D37 /* iOSMapKitUITests.swift */ = {isa = PBXFileReference; lastKnownFileType = sourcecode.swift; path = iOSMapKitUITests.swift; sourceTree = "<group>"; };
		20DE739D1F7AFF6300C78D37 /* Info.plist */ = {isa = PBXFileReference; lastKnownFileType = text.plist.xml; path = Info.plist; sourceTree = "<group>"; };
		20DE73A91F7B182C00C78D37 /* MapViewController.swift */ = {isa = PBXFileReference; lastKnownFileType = sourcecode.swift; path = MapViewController.swift; sourceTree = "<group>"; };
		20DE73AB1F7B5CF300C78D37 /* RouteViewController.swift */ = {isa = PBXFileReference; lastKnownFileType = sourcecode.swift; path = RouteViewController.swift; sourceTree = "<group>"; };
/* End PBXFileReference section */

/* Begin PBXFrameworksBuildPhase section */
		20DE73751F7AFF6200C78D37 /* Frameworks */ = {
			isa = PBXFrameworksBuildPhase;
			buildActionMask = 2147483647;
			files = (
			);
			runOnlyForDeploymentPostprocessing = 0;
		};
		20DE73891F7AFF6300C78D37 /* Frameworks */ = {
			isa = PBXFrameworksBuildPhase;
			buildActionMask = 2147483647;
			files = (
			);
			runOnlyForDeploymentPostprocessing = 0;
		};
		20DE73941F7AFF6300C78D37 /* Frameworks */ = {
			isa = PBXFrameworksBuildPhase;
			buildActionMask = 2147483647;
			files = (
			);
			runOnlyForDeploymentPostprocessing = 0;
		};
/* End PBXFrameworksBuildPhase section */

/* Begin PBXGroup section */
		20DE736F1F7AFF6200C78D37 = {
			isa = PBXGroup;
			children = (
				20DE737A1F7AFF6200C78D37 /* iOSMapKit */,
				20DE738F1F7AFF6300C78D37 /* iOSMapKitTests */,
				20DE739A1F7AFF6300C78D37 /* iOSMapKitUITests */,
				20DE73791F7AFF6200C78D37 /* Products */,
			);
			sourceTree = "<group>";
		};
		20DE73791F7AFF6200C78D37 /* Products */ = {
			isa = PBXGroup;
			children = (
				20DE73781F7AFF6200C78D37 /* iOSMapKit.app */,
				20DE738C1F7AFF6300C78D37 /* iOSMapKitTests.xctest */,
				20DE73971F7AFF6300C78D37 /* iOSMapKitUITests.xctest */,
			);
			name = Products;
			sourceTree = "<group>";
		};
		20DE737A1F7AFF6200C78D37 /* iOSMapKit */ = {
			isa = PBXGroup;
			children = (
				20DE737B1F7AFF6200C78D37 /* AppDelegate.swift */,
				20DE737D1F7AFF6200C78D37 /* ViewController.swift */,
				20DE737F1F7AFF6200C78D37 /* Main.storyboard */,
				20DE73821F7AFF6200C78D37 /* Assets.xcassets */,
				20DE73841F7AFF6200C78D37 /* LaunchScreen.storyboard */,
				20DE73871F7AFF6200C78D37 /* Info.plist */,
				20DE73A91F7B182C00C78D37 /* MapViewController.swift */,
				20DE73AB1F7B5CF300C78D37 /* RouteViewController.swift */,
			);
			path = iOSMapKit;
			sourceTree = "<group>";
		};
		20DE738F1F7AFF6300C78D37 /* iOSMapKitTests */ = {
			isa = PBXGroup;
			children = (
				20DE73901F7AFF6300C78D37 /* iOSMapKitTests.swift */,
				20DE73921F7AFF6300C78D37 /* Info.plist */,
			);
			path = iOSMapKitTests;
			sourceTree = "<group>";
		};
		20DE739A1F7AFF6300C78D37 /* iOSMapKitUITests */ = {
			isa = PBXGroup;
			children = (
				20DE739B1F7AFF6300C78D37 /* iOSMapKitUITests.swift */,
				20DE739D1F7AFF6300C78D37 /* Info.plist */,
			);
			path = iOSMapKitUITests;
			sourceTree = "<group>";
		};
/* End PBXGroup section */

/* Begin PBXNativeTarget section */
		20DE73771F7AFF6200C78D37 /* iOSMapKit */ = {
			isa = PBXNativeTarget;
			buildConfigurationList = 20DE73A01F7AFF6300C78D37 /* Build configuration list for PBXNativeTarget "iOSMapKit" */;
			buildPhases = (
				20DE73741F7AFF6200C78D37 /* Sources */,
				20DE73751F7AFF6200C78D37 /* Frameworks */,
				20DE73761F7AFF6200C78D37 /* Resources */,
			);
			buildRules = (
			);
			dependencies = (
			);
			name = iOSMapKit;
			productName = iOSMapKit;
			productReference = 20DE73781F7AFF6200C78D37 /* iOSMapKit.app */;
			productType = "com.apple.product-type.application";
		};
		20DE738B1F7AFF6300C78D37 /* iOSMapKitTests */ = {
			isa = PBXNativeTarget;
			buildConfigurationList = 20DE73A31F7AFF6300C78D37 /* Build configuration list for PBXNativeTarget "iOSMapKitTests" */;
			buildPhases = (
				20DE73881F7AFF6300C78D37 /* Sources */,
				20DE73891F7AFF6300C78D37 /* Frameworks */,
				20DE738A1F7AFF6300C78D37 /* Resources */,
			);
			buildRules = (
			);
			dependencies = (
				20DE738E1F7AFF6300C78D37 /* PBXTargetDependency */,
			);
			name = iOSMapKitTests;
			productName = iOSMapKitTests;
			productReference = 20DE738C1F7AFF6300C78D37 /* iOSMapKitTests.xctest */;
			productType = "com.apple.product-type.bundle.unit-test";
		};
		20DE73961F7AFF6300C78D37 /* iOSMapKitUITests */ = {
			isa = PBXNativeTarget;
			buildConfigurationList = 20DE73A61F7AFF6300C78D37 /* Build configuration list for PBXNativeTarget "iOSMapKitUITests" */;
			buildPhases = (
				20DE73931F7AFF6300C78D37 /* Sources */,
				20DE73941F7AFF6300C78D37 /* Frameworks */,
				20DE73951F7AFF6300C78D37 /* Resources */,
			);
			buildRules = (
			);
			dependencies = (
				20DE73991F7AFF6300C78D37 /* PBXTargetDependency */,
			);
			name = iOSMapKitUITests;
			productName = iOSMapKitUITests;
			productReference = 20DE73971F7AFF6300C78D37 /* iOSMapKitUITests.xctest */;
			productType = "com.apple.product-type.bundle.ui-testing";
		};
/* End PBXNativeTarget section */

/* Begin PBXProject section */
		20DE73701F7AFF6200C78D37 /* Project object */ = {
			isa = PBXProject;
			attributes = {
				LastSwiftUpdateCheck = 0900;
				LastUpgradeCheck = 0900;
				ORGANIZATIONNAME = "Sneha Kasetty Sudarshan";
				TargetAttributes = {
					20DE73771F7AFF6200C78D37 = {
						CreatedOnToolsVersion = 9.0;
						ProvisioningStyle = Automatic;
					};
					20DE738B1F7AFF6300C78D37 = {
						CreatedOnToolsVersion = 9.0;
						ProvisioningStyle = Automatic;
						TestTargetID = 20DE73771F7AFF6200C78D37;
					};
					20DE73961F7AFF6300C78D37 = {
						CreatedOnToolsVersion = 9.0;
						ProvisioningStyle = Automatic;
						TestTargetID = 20DE73771F7AFF6200C78D37;
					};
				};
			};
			buildConfigurationList = 20DE73731F7AFF6200C78D37 /* Build configuration list for PBXProject "iOSMapKit" */;
			compatibilityVersion = "Xcode 8.0";
			developmentRegion = en;
			hasScannedForEncodings = 0;
			knownRegions = (
				en,
				Base,
			);
			mainGroup = 20DE736F1F7AFF6200C78D37;
			productRefGroup = 20DE73791F7AFF6200C78D37 /* Products */;
			projectDirPath = "";
			projectRoot = "";
			targets = (
				20DE73771F7AFF6200C78D37 /* iOSMapKit */,
				20DE738B1F7AFF6300C78D37 /* iOSMapKitTests */,
				20DE73961F7AFF6300C78D37 /* iOSMapKitUITests */,
			);
		};
/* End PBXProject section */

/* Begin PBXResourcesBuildPhase section */
		20DE73761F7AFF6200C78D37 /* Resources */ = {
			isa = PBXResourcesBuildPhase;
			buildActionMask = 2147483647;
			files = (
				20DE73861F7AFF6200C78D37 /* LaunchScreen.storyboard in Resources */,
				20DE73831F7AFF6200C78D37 /* Assets.xcassets in Resources */,
				20DE73811F7AFF6200C78D37 /* Main.storyboard in Resources */,
			);
			runOnlyForDeploymentPostprocessing = 0;
		};
		20DE738A1F7AFF6300C78D37 /* Resources */ = {
			isa = PBXResourcesBuildPhase;
			buildActionMask = 2147483647;
			files = (
			);
			runOnlyForDeploymentPostprocessing = 0;
		};
		20DE73951F7AFF6300C78D37 /* Resources */ = {
			isa = PBXResourcesBuildPhase;
			buildActionMask = 2147483647;
			files = (
			);
			runOnlyForDeploymentPostprocessing = 0;
		};
/* End PBXResourcesBuildPhase section */

/* Begin PBXSourcesBuildPhase section */
		20DE73741F7AFF6200C78D37 /* Sources */ = {
			isa = PBXSourcesBuildPhase;
			buildActionMask = 2147483647;
			files = (
				20DE737E1F7AFF6200C78D37 /* ViewController.swift in Sources */,
				20DE73AA1F7B182C00C78D37 /* MapViewController.swift in Sources */,
				20DE73AC1F7B5CF300C78D37 /* RouteViewController.swift in Sources */,
				20DE737C1F7AFF6200C78D37 /* AppDelegate.swift in Sources */,
			);
			runOnlyForDeploymentPostprocessing = 0;
		};
		20DE73881F7AFF6300C78D37 /* Sources */ = {
			isa = PBXSourcesBuildPhase;
			buildActionMask = 2147483647;
			files = (
				20DE73911F7AFF6300C78D37 /* iOSMapKitTests.swift in Sources */,
			);
			runOnlyForDeploymentPostprocessing = 0;
		};
		20DE73931F7AFF6300C78D37 /* Sources */ = {
			isa = PBXSourcesBuildPhase;
			buildActionMask = 2147483647;
			files = (
				20DE739C1F7AFF6300C78D37 /* iOSMapKitUITests.swift in Sources */,
			);
			runOnlyForDeploymentPostprocessing = 0;
		};
/* End PBXSourcesBuildPhase section */

/* Begin PBXTargetDependency section */
		20DE738E1F7AFF6300C78D37 /* PBXTargetDependency */ = {
			isa = PBXTargetDependency;
			target = 20DE73771F7AFF6200C78D37 /* iOSMapKit */;
			targetProxy = 20DE738D1F7AFF6300C78D37 /* PBXContainerItemProxy */;
		};
		20DE73991F7AFF6300C78D37 /* PBXTargetDependency */ = {
			isa = PBXTargetDependency;
			target = 20DE73771F7AFF6200C78D37 /* iOSMapKit */;
			targetProxy = 20DE73981F7AFF6300C78D37 /* PBXContainerItemProxy */;
		};
/* End PBXTargetDependency section */

/* Begin PBXVariantGroup section */
		20DE737F1F7AFF6200C78D37 /* Main.storyboard */ = {
			isa = PBXVariantGroup;
			children = (
				20DE73801F7AFF6200C78D37 /* Base */,
			);
			name = Main.storyboard;
			sourceTree = "<group>";
		};
		20DE73841F7AFF6200C78D37 /* LaunchScreen.storyboard */ = {
			isa = PBXVariantGroup;
			children = (
				20DE73851F7AFF6200C78D37 /* Base */,
			);
			name = LaunchScreen.storyboard;
			sourceTree = "<group>";
		};
/* End PBXVariantGroup section */

/* Begin XCBuildConfiguration section */
		20DE739E1F7AFF6300C78D37 /* Debug */ = {
			isa = XCBuildConfiguration;
			buildSettings = {
				ALWAYS_SEARCH_USER_PATHS = NO;
				CLANG_ANALYZER_NONNULL = YES;
				CLANG_ANALYZER_NUMBER_OBJECT_CONVERSION = YES_AGGRESSIVE;
				CLANG_CXX_LANGUAGE_STANDARD = "gnu++14";
				CLANG_CXX_LIBRARY = "libc++";
				CLANG_ENABLE_MODULES = YES;
				CLANG_ENABLE_OBJC_ARC = YES;
				CLANG_WARN_BLOCK_CAPTURE_AUTORELEASING = YES;
				CLANG_WARN_BOOL_CONVERSION = YES;
				CLANG_WARN_COMMA = YES;
				CLANG_WARN_CONSTANT_CONVERSION = YES;
				CLANG_WARN_DIRECT_OBJC_ISA_USAGE = YES_ERROR;
				CLANG_WARN_DOCUMENTATION_COMMENTS = YES;
				CLANG_WARN_EMPTY_BODY = YES;
				CLANG_WARN_ENUM_CONVERSION = YES;
				CLANG_WARN_INFINITE_RECURSION = YES;
				CLANG_WARN_INT_CONVERSION = YES;
				CLANG_WARN_NON_LITERAL_NULL_CONVERSION = YES;
				CLANG_WARN_OBJC_LITERAL_CONVERSION = YES;
				CLANG_WARN_OBJC_ROOT_CLASS = YES_ERROR;
				CLANG_WARN_RANGE_LOOP_ANALYSIS = YES;
				CLANG_WARN_STRICT_PROTOTYPES = YES;
				CLANG_WARN_SUSPICIOUS_MOVE = YES;
				CLANG_WARN_UNGUARDED_AVAILABILITY = YES_AGGRESSIVE;
				CLANG_WARN_UNREACHABLE_CODE = YES;
				CLANG_WARN__DUPLICATE_METHOD_MATCH = YES;
				CODE_SIGN_IDENTITY = "iPhone Developer";
				COPY_PHASE_STRIP = NO;
				DEBUG_INFORMATION_FORMAT = dwarf;
				ENABLE_STRICT_OBJC_MSGSEND = YES;
				ENABLE_TESTABILITY = YES;
				GCC_C_LANGUAGE_STANDARD = gnu11;
				GCC_DYNAMIC_NO_PIC = NO;
				GCC_NO_COMMON_BLOCKS = YES;
				GCC_OPTIMIZATION_LEVEL = 0;
				GCC_PREPROCESSOR_DEFINITIONS = (
					"DEBUG=1",
					"$(inherited)",
				);
				GCC_WARN_64_TO_32_BIT_CONVERSION = YES;
				GCC_WARN_ABOUT_RETURN_TYPE = YES_ERROR;
				GCC_WARN_UNDECLARED_SELECTOR = YES;
				GCC_WARN_UNINITIALIZED_AUTOS = YES_AGGRESSIVE;
				GCC_WARN_UNUSED_FUNCTION = YES;
				GCC_WARN_UNUSED_VARIABLE = YES;
				IPHONEOS_DEPLOYMENT_TARGET = 11.0;
				MTL_ENABLE_DEBUG_INFO = YES;
				ONLY_ACTIVE_ARCH = YES;
				SDKROOT = iphoneos;
				SWIFT_ACTIVE_COMPILATION_CONDITIONS = DEBUG;
				SWIFT_OPTIMIZATION_LEVEL = "-Onone";
			};
			name = Debug;
		};
		20DE739F1F7AFF6300C78D37 /* Release */ = {
			isa = XCBuildConfiguration;
			buildSettings = {
				ALWAYS_SEARCH_USER_PATHS = NO;
				CLANG_ANALYZER_NONNULL = YES;
				CLANG_ANALYZER_NUMBER_OBJECT_CONVERSION = YES_AGGRESSIVE;
				CLANG_CXX_LANGUAGE_STANDARD = "gnu++14";
				CLANG_CXX_LIBRARY = "libc++";
				CLANG_ENABLE_MODULES = YES;
				CLANG_ENABLE_OBJC_ARC = YES;
				CLANG_WARN_BLOCK_CAPTURE_AUTORELEASING = YES;
				CLANG_WARN_BOOL_CONVERSION = YES;
				CLANG_WARN_COMMA = YES;
				CLANG_WARN_CONSTANT_CONVERSION = YES;
				CLANG_WARN_DIRECT_OBJC_ISA_USAGE = YES_ERROR;
				CLANG_WARN_DOCUMENTATION_COMMENTS = YES;
				CLANG_WARN_EMPTY_BODY = YES;
				CLANG_WARN_ENUM_CONVERSION = YES;
				CLANG_WARN_INFINITE_RECURSION = YES;
				CLANG_WARN_INT_CONVERSION = YES;
				CLANG_WARN_NON_LITERAL_NULL_CONVERSION = YES;
				CLANG_WARN_OBJC_LITERAL_CONVERSION = YES;
				CLANG_WARN_OBJC_ROOT_CLASS = YES_ERROR;
				CLANG_WARN_RANGE_LOOP_ANALYSIS = YES;
				CLANG_WARN_STRICT_PROTOTYPES = YES;
				CLANG_WARN_SUSPICIOUS_MOVE = YES;
				CLANG_WARN_UNGUARDED_AVAILABILITY = YES_AGGRESSIVE;
				CLANG_WARN_UNREACHABLE_CODE = YES;
				CLANG_WARN__DUPLICATE_METHOD_MATCH = YES;
				CODE_SIGN_IDENTITY = "iPhone Developer";
				COPY_PHASE_STRIP = NO;
				DEBUG_INFORMATION_FORMAT = "dwarf-with-dsym";
				ENABLE_NS_ASSERTIONS = NO;
				ENABLE_STRICT_OBJC_MSGSEND = YES;
				GCC_C_LANGUAGE_STANDARD = gnu11;
				GCC_NO_COMMON_BLOCKS = YES;
				GCC_WARN_64_TO_32_BIT_CONVERSION = YES;
				GCC_WARN_ABOUT_RETURN_TYPE = YES_ERROR;
				GCC_WARN_UNDECLARED_SELECTOR = YES;
				GCC_WARN_UNINITIALIZED_AUTOS = YES_AGGRESSIVE;
				GCC_WARN_UNUSED_FUNCTION = YES;
				GCC_WARN_UNUSED_VARIABLE = YES;
				IPHONEOS_DEPLOYMENT_TARGET = 11.0;
				MTL_ENABLE_DEBUG_INFO = NO;
				SDKROOT = iphoneos;
				SWIFT_OPTIMIZATION_LEVEL = "-Owholemodule";
				VALIDATE_PRODUCT = YES;
			};
			name = Release;
		};
		20DE73A11F7AFF6300C78D37 /* Debug */ = {
			isa = XCBuildConfiguration;
			buildSettings = {
				ASSETCATALOG_COMPILER_APPICON_NAME = AppIcon;
				CODE_SIGN_STYLE = Automatic;
				DEVELOPMENT_TEAM = 4LAC7B63N5;
				INFOPLIST_FILE = iOSMapKit/Info.plist;
				IPHONEOS_DEPLOYMENT_TARGET = 10.2;
				LD_RUNPATH_SEARCH_PATHS = "$(inherited) @executable_path/Frameworks";
				PRODUCT_BUNDLE_IDENTIFIER = sneha.iOSMapKit;
				PRODUCT_NAME = "$(TARGET_NAME)";
				SWIFT_VERSION = 4.0;
				TARGETED_DEVICE_FAMILY = "1,2";
			};
			name = Debug;
		};
		20DE73A21F7AFF6300C78D37 /* Release */ = {
			isa = XCBuildConfiguration;
			buildSettings = {
				ASSETCATALOG_COMPILER_APPICON_NAME = AppIcon;
				CODE_SIGN_STYLE = Automatic;
				DEVELOPMENT_TEAM = 4LAC7B63N5;
				INFOPLIST_FILE = iOSMapKit/Info.plist;
				IPHONEOS_DEPLOYMENT_TARGET = 10.2;
				LD_RUNPATH_SEARCH_PATHS = "$(inherited) @executable_path/Frameworks";
				PRODUCT_BUNDLE_IDENTIFIER = sneha.iOSMapKit;
				PRODUCT_NAME = "$(TARGET_NAME)";
				SWIFT_VERSION = 4.0;
				TARGETED_DEVICE_FAMILY = "1,2";
			};
			name = Release;
		};
		20DE73A41F7AFF6300C78D37 /* Debug */ = {
			isa = XCBuildConfiguration;
			buildSettings = {
				ALWAYS_EMBED_SWIFT_STANDARD_LIBRARIES = YES;
				BUNDLE_LOADER = "$(TEST_HOST)";
				CODE_SIGN_STYLE = Automatic;
				DEVELOPMENT_TEAM = 4LAC7B63N5;
				INFOPLIST_FILE = iOSMapKitTests/Info.plist;
				LD_RUNPATH_SEARCH_PATHS = "$(inherited) @executable_path/Frameworks @loader_path/Frameworks";
				PRODUCT_BUNDLE_IDENTIFIER = sneha.iOSMapKitTests;
				PRODUCT_NAME = "$(TARGET_NAME)";
				SWIFT_VERSION = 4.0;
				TARGETED_DEVICE_FAMILY = "1,2";
				TEST_HOST = "$(BUILT_PRODUCTS_DIR)/iOSMapKit.app/iOSMapKit";
			};
			name = Debug;
		};
		20DE73A51F7AFF6300C78D37 /* Release */ = {
			isa = XCBuildConfiguration;
			buildSettings = {
				ALWAYS_EMBED_SWIFT_STANDARD_LIBRARIES = YES;
				BUNDLE_LOADER = "$(TEST_HOST)";
				CODE_SIGN_STYLE = Automatic;
				DEVELOPMENT_TEAM = 4LAC7B63N5;
				INFOPLIST_FILE = iOSMapKitTests/Info.plist;
				LD_RUNPATH_SEARCH_PATHS = "$(inherited) @executable_path/Frameworks @loader_path/Frameworks";
				PRODUCT_BUNDLE_IDENTIFIER = sneha.iOSMapKitTests;
				PRODUCT_NAME = "$(TARGET_NAME)";
				SWIFT_VERSION = 4.0;
				TARGETED_DEVICE_FAMILY = "1,2";
				TEST_HOST = "$(BUILT_PRODUCTS_DIR)/iOSMapKit.app/iOSMapKit";
			};
			name = Release;
		};
		20DE73A71F7AFF6300C78D37 /* Debug */ = {
			isa = XCBuildConfiguration;
			buildSettings = {
				ALWAYS_EMBED_SWIFT_STANDARD_LIBRARIES = YES;
				CODE_SIGN_STYLE = Automatic;
				DEVELOPMENT_TEAM = 4LAC7B63N5;
				INFOPLIST_FILE = iOSMapKitUITests/Info.plist;
				LD_RUNPATH_SEARCH_PATHS = "$(inherited) @executable_path/Frameworks @loader_path/Frameworks";
				PRODUCT_BUNDLE_IDENTIFIER = sneha.iOSMapKitUITests;
				PRODUCT_NAME = "$(TARGET_NAME)";
				SWIFT_VERSION = 4.0;
				TARGETED_DEVICE_FAMILY = "1,2";
				TEST_TARGET_NAME = iOSMapKit;
			};
			name = Debug;
		};
		20DE73A81F7AFF6300C78D37 /* Release */ = {
			isa = XCBuildConfiguration;
			buildSettings = {
				ALWAYS_EMBED_SWIFT_STANDARD_LIBRARIES = YES;
				CODE_SIGN_STYLE = Automatic;
				DEVELOPMENT_TEAM = 4LAC7B63N5;
				INFOPLIST_FILE = iOSMapKitUITests/Info.plist;
				LD_RUNPATH_SEARCH_PATHS = "$(inherited) @executable_path/Frameworks @loader_path/Frameworks";
				PRODUCT_BUNDLE_IDENTIFIER = sneha.iOSMapKitUITests;
				PRODUCT_NAME = "$(TARGET_NAME)";
				SWIFT_VERSION = 4.0;
				TARGETED_DEVICE_FAMILY = "1,2";
				TEST_TARGET_NAME = iOSMapKit;
			};
			name = Release;
		};
/* End XCBuildConfiguration section */

/* Begin XCConfigurationList section */
		20DE73731F7AFF6200C78D37 /* Build configuration list for PBXProject "iOSMapKit" */ = {
			isa = XCConfigurationList;
			buildConfigurations = (
				20DE739E1F7AFF6300C78D37 /* Debug */,
				20DE739F1F7AFF6300C78D37 /* Release */,
			);
			defaultConfigurationIsVisible = 0;
			defaultConfigurationName = Release;
		};
		20DE73A01F7AFF6300C78D37 /* Build configuration list for PBXNativeTarget "iOSMapKit" */ = {
			isa = XCConfigurationList;
			buildConfigurations = (
				20DE73A11F7AFF6300C78D37 /* Debug */,
				20DE73A21F7AFF6300C78D37 /* Release */,
			);
			defaultConfigurationIsVisible = 0;
			defaultConfigurationName = Release;
		};
		20DE73A31F7AFF6300C78D37 /* Build configuration list for PBXNativeTarget "iOSMapKitTests" */ = {
			isa = XCConfigurationList;
			buildConfigurations = (
				20DE73A41F7AFF6300C78D37 /* Debug */,
				20DE73A51F7AFF6300C78D37 /* Release */,
			);
			defaultConfigurationIsVisible = 0;
			defaultConfigurationName = Release;
		};
		20DE73A61F7AFF6300C78D37 /* Build configuration list for PBXNativeTarget "iOSMapKitUITests" */ = {
			isa = XCConfigurationList;
			buildConfigurations = (
				20DE73A71F7AFF6300C78D37 /* Debug */,
				20DE73A81F7AFF6300C78D37 /* Release */,
			);
			defaultConfigurationIsVisible = 0;
			defaultConfigurationName = Release;
		};
/* End XCConfigurationList section */
	};
	rootObject = 20DE73701F7AFF6200C78D37 /* Project object */;
}
